// !$*UTF8*$!
{
	archiveVersion = 1;
	classes = {
	};
	objectVersion = 48;
	objects = {

/* Begin PBXBuildFile section */
		B1A7B0CC2029060C00934BBF /* AppDelegate.swift in Sources */ = {isa = PBXBuildFile; fileRef = B1A7B0CB2029060C00934BBF /* AppDelegate.swift */; };
		B1A7B0CE2029060C00934BBF /* ViewController.swift in Sources */ = {isa = PBXBuildFile; fileRef = B1A7B0CD2029060C00934BBF /* ViewController.swift */; };
		B1A7B0D12029060C00934BBF /* Main.storyboard in Resources */ = {isa = PBXBuildFile; fileRef = B1A7B0CF2029060C00934BBF /* Main.storyboard */; };
		B1A7B0D32029060C00934BBF /* Assets.xcassets in Resources */ = {isa = PBXBuildFile; fileRef = B1A7B0D22029060C00934BBF /* Assets.xcassets */; };
		B1A7B0D62029060C00934BBF /* LaunchScreen.storyboard in Resources */ = {isa = PBXBuildFile; fileRef = B1A7B0D42029060C00934BBF /* LaunchScreen.storyboard */; };
		B1ABC94A2040838D00AA388C /* RHPlaceholder.swift in Sources */ = {isa = PBXBuildFile; fileRef = B1ABC9492040838D00AA388C /* RHPlaceholder.swift */; };
		B1ABC94C204083C100AA388C /* RHPlaceholderItem.swift in Sources */ = {isa = PBXBuildFile; fileRef = B1ABC94B204083C100AA388C /* RHPlaceholderItem.swift */; };
		B1ABC94E204083F200AA388C /* RHLayerAnimatorGradientConfigurable.swift in Sources */ = {isa = PBXBuildFile; fileRef = B1ABC94D204083F200AA388C /* RHLayerAnimatorGradientConfigurable.swift */; };
		B1ABC9502040845500AA388C /* RHLayerAnimating.swift in Sources */ = {isa = PBXBuildFile; fileRef = B1ABC94F2040845500AA388C /* RHLayerAnimating.swift */; };
		B1ABC953204084A900AA388C /* RHLayerAnimatorGradientConfiguration.swift in Sources */ = {isa = PBXBuildFile; fileRef = B1ABC952204084A900AA388C /* RHLayerAnimatorGradientConfiguration.swift */; };
		B1ABC9552040855000AA388C /* RHCAAnimationDelegateReceiver.swift in Sources */ = {isa = PBXBuildFile; fileRef = B1ABC9542040855000AA388C /* RHCAAnimationDelegateReceiver.swift */; };
		B1ABC9572040857500AA388C /* RHLayerAnimatorGradient.swift in Sources */ = {isa = PBXBuildFile; fileRef = B1ABC9562040857500AA388C /* RHLayerAnimatorGradient.swift */; };
		B1ABC95A204085BA00AA388C /* RHLayerAnimatorBlinkConfigurable.swift in Sources */ = {isa = PBXBuildFile; fileRef = B1ABC959204085BA00AA388C /* RHLayerAnimatorBlinkConfigurable.swift */; };
		B1ABC95D204085E700AA388C /* RHLayerAnimatorBlinkConfiguration.swift in Sources */ = {isa = PBXBuildFile; fileRef = B1ABC95C204085E700AA388C /* RHLayerAnimatorBlinkConfiguration.swift */; };
		B1ABC95F204085FB00AA388C /* RHLayerAnimatorBlink.swift in Sources */ = {isa = PBXBuildFile; fileRef = B1ABC95E204085FB00AA388C /* RHLayerAnimatorBlink.swift */; };
		B1CAC7B1204B462000FF4EFA /* MyTableViewController.swift in Sources */ = {isa = PBXBuildFile; fileRef = B1CAC7B0204B462000FF4EFA /* MyTableViewController.swift */; };
		B1CAC7B3204B481000FF4EFA /* MyCell.swift in Sources */ = {isa = PBXBuildFile; fileRef = B1CAC7B2204B481000FF4EFA /* MyCell.swift */; };
/* End PBXBuildFile section */

/* Begin PBXFileReference section */
		B1A7B0C82029060C00934BBF /* RHPlaceholder.app */ = {isa = PBXFileReference; explicitFileType = wrapper.application; includeInIndex = 0; path = RHPlaceholder.app; sourceTree = BUILT_PRODUCTS_DIR; };
		B1A7B0CB2029060C00934BBF /* AppDelegate.swift */ = {isa = PBXFileReference; lastKnownFileType = sourcecode.swift; path = AppDelegate.swift; sourceTree = "<group>"; };
		B1A7B0CD2029060C00934BBF /* ViewController.swift */ = {isa = PBXFileReference; lastKnownFileType = sourcecode.swift; path = ViewController.swift; sourceTree = "<group>"; };
		B1A7B0D02029060C00934BBF /* Base */ = {isa = PBXFileReference; lastKnownFileType = file.storyboard; name = Base; path = Base.lproj/Main.storyboard; sourceTree = "<group>"; };
		B1A7B0D22029060C00934BBF /* Assets.xcassets */ = {isa = PBXFileReference; lastKnownFileType = folder.assetcatalog; path = Assets.xcassets; sourceTree = "<group>"; };
		B1A7B0D52029060C00934BBF /* Base */ = {isa = PBXFileReference; lastKnownFileType = file.storyboard; name = Base; path = Base.lproj/LaunchScreen.storyboard; sourceTree = "<group>"; };
		B1A7B0D72029060C00934BBF /* Info.plist */ = {isa = PBXFileReference; lastKnownFileType = text.plist.xml; path = Info.plist; sourceTree = "<group>"; };
		B1ABC9492040838D00AA388C /* RHPlaceholder.swift */ = {isa = PBXFileReference; lastKnownFileType = sourcecode.swift; path = RHPlaceholder.swift; sourceTree = "<group>"; };
		B1ABC94B204083C100AA388C /* RHPlaceholderItem.swift */ = {isa = PBXFileReference; lastKnownFileType = sourcecode.swift; path = RHPlaceholderItem.swift; sourceTree = "<group>"; };
		B1ABC94D204083F200AA388C /* RHLayerAnimatorGradientConfigurable.swift */ = {isa = PBXFileReference; lastKnownFileType = sourcecode.swift; path = RHLayerAnimatorGradientConfigurable.swift; sourceTree = "<group>"; };
		B1ABC94F2040845500AA388C /* RHLayerAnimating.swift */ = {isa = PBXFileReference; lastKnownFileType = sourcecode.swift; path = RHLayerAnimating.swift; sourceTree = "<group>"; };
		B1ABC952204084A900AA388C /* RHLayerAnimatorGradientConfiguration.swift */ = {isa = PBXFileReference; lastKnownFileType = sourcecode.swift; path = RHLayerAnimatorGradientConfiguration.swift; sourceTree = "<group>"; };
		B1ABC9542040855000AA388C /* RHCAAnimationDelegateReceiver.swift */ = {isa = PBXFileReference; lastKnownFileType = sourcecode.swift; path = RHCAAnimationDelegateReceiver.swift; sourceTree = "<group>"; };
		B1ABC9562040857500AA388C /* RHLayerAnimatorGradient.swift */ = {isa = PBXFileReference; lastKnownFileType = sourcecode.swift; path = RHLayerAnimatorGradient.swift; sourceTree = "<group>"; };
		B1ABC959204085BA00AA388C /* RHLayerAnimatorBlinkConfigurable.swift */ = {isa = PBXFileReference; lastKnownFileType = sourcecode.swift; path = RHLayerAnimatorBlinkConfigurable.swift; sourceTree = "<group>"; };
		B1ABC95C204085E700AA388C /* RHLayerAnimatorBlinkConfiguration.swift */ = {isa = PBXFileReference; lastKnownFileType = sourcecode.swift; path = RHLayerAnimatorBlinkConfiguration.swift; sourceTree = "<group>"; };
		B1ABC95E204085FB00AA388C /* RHLayerAnimatorBlink.swift */ = {isa = PBXFileReference; lastKnownFileType = sourcecode.swift; path = RHLayerAnimatorBlink.swift; sourceTree = "<group>"; };
		B1CAC7B0204B462000FF4EFA /* MyTableViewController.swift */ = {isa = PBXFileReference; lastKnownFileType = sourcecode.swift; name = MyTableViewController.swift; path = RHPlaceholder/MyTableViewController.swift; sourceTree = SOURCE_ROOT; };
		B1CAC7B2204B481000FF4EFA /* MyCell.swift */ = {isa = PBXFileReference; lastKnownFileType = sourcecode.swift; path = MyCell.swift; sourceTree = "<group>"; };
/* End PBXFileReference section */

/* Begin PBXFrameworksBuildPhase section */
		B1A7B0C52029060C00934BBF /* Frameworks */ = {
			isa = PBXFrameworksBuildPhase;
			buildActionMask = 2147483647;
			files = (
			);
			runOnlyForDeploymentPostprocessing = 0;
		};
/* End PBXFrameworksBuildPhase section */

/* Begin PBXGroup section */
		B1A7B0BF2029060C00934BBF = {
			isa = PBXGroup;
			children = (
				B1A7B0CA2029060C00934BBF /* RHPlaceholder */,
				B1A7B0C92029060C00934BBF /* Products */,
			);
			sourceTree = "<group>";
		};
		B1A7B0C92029060C00934BBF /* Products */ = {
			isa = PBXGroup;
			children = (
				B1A7B0C82029060C00934BBF /* RHPlaceholder.app */,
			);
			name = Products;
			sourceTree = "<group>";
		};
		B1A7B0CA2029060C00934BBF /* RHPlaceholder */ = {
			isa = PBXGroup;
			children = (
				B1ABC9482040835D00AA388C /* RHPlaceholderSource */,
				B1A7B0CB2029060C00934BBF /* AppDelegate.swift */,
				B1A7B0CD2029060C00934BBF /* ViewController.swift */,
				B1A7B0CF2029060C00934BBF /* Main.storyboard */,
				B1A7B0D22029060C00934BBF /* Assets.xcassets */,
				B1A7B0D42029060C00934BBF /* LaunchScreen.storyboard */,
				B1A7B0D72029060C00934BBF /* Info.plist */,
				B1CAC7B2204B481000FF4EFA /* MyCell.swift */,
			);
			path = RHPlaceholder;
			sourceTree = "<group>";
		};
		B1ABC9482040835D00AA388C /* RHPlaceholderSource */ = {
			isa = PBXGroup;
			children = (
				B1ABC958204085A300AA388C /* RHAnimationBlink */,
				B1ABC9512040848C00AA388C /* RHAnimationGradient */,
				B1ABC9492040838D00AA388C /* RHPlaceholder.swift */,
				B1ABC94B204083C100AA388C /* RHPlaceholderItem.swift */,
				B1ABC94F2040845500AA388C /* RHLayerAnimating.swift */,
				B1CAC7B0204B462000FF4EFA /* MyTableViewController.swift */,
			);
			path = RHPlaceholderSource;
			sourceTree = "<group>";
		};
		B1ABC9512040848C00AA388C /* RHAnimationGradient */ = {
			isa = PBXGroup;
			children = (
				B1ABC94D204083F200AA388C /* RHLayerAnimatorGradientConfigurable.swift */,
				B1ABC952204084A900AA388C /* RHLayerAnimatorGradientConfiguration.swift */,
				B1ABC9542040855000AA388C /* RHCAAnimationDelegateReceiver.swift */,
				B1ABC9562040857500AA388C /* RHLayerAnimatorGradient.swift */,
			);
			path = RHAnimationGradient;
			sourceTree = "<group>";
		};
		B1ABC958204085A300AA388C /* RHAnimationBlink */ = {
			isa = PBXGroup;
			children = (
				B1ABC959204085BA00AA388C /* RHLayerAnimatorBlinkConfigurable.swift */,
				B1ABC95C204085E700AA388C /* RHLayerAnimatorBlinkConfiguration.swift */,
				B1ABC95E204085FB00AA388C /* RHLayerAnimatorBlink.swift */,
			);
			path = RHAnimationBlink;
			sourceTree = "<group>";
		};
/* End PBXGroup section */

/* Begin PBXNativeTarget section */
		B1A7B0C72029060C00934BBF /* RHPlaceholder */ = {
			isa = PBXNativeTarget;
			buildConfigurationList = B1A7B0DA2029060C00934BBF /* Build configuration list for PBXNativeTarget "RHPlaceholder" */;
			buildPhases = (
				B1A7B0C42029060C00934BBF /* Sources */,
				B1A7B0C52029060C00934BBF /* Frameworks */,
				B1A7B0C62029060C00934BBF /* Resources */,
			);
			buildRules = (
			);
			dependencies = (
			);
			name = RHPlaceholder;
			productName = RHPlaceholder;
			productReference = B1A7B0C82029060C00934BBF /* RHPlaceholder.app */;
			productType = "com.apple.product-type.application";
		};
/* End PBXNativeTarget section */

/* Begin PBXProject section */
		B1A7B0C02029060C00934BBF /* Project object */ = {
			isa = PBXProject;
			attributes = {
				LastSwiftUpdateCheck = 0900;
				LastUpgradeCheck = 0900;
				ORGANIZATIONNAME = "Robert Herdzik";
				TargetAttributes = {
					B1A7B0C72029060C00934BBF = {
						CreatedOnToolsVersion = 9.0;
						ProvisioningStyle = Automatic;
					};
				};
			};
			buildConfigurationList = B1A7B0C32029060C00934BBF /* Build configuration list for PBXProject "RHPlaceholder" */;
			compatibilityVersion = "Xcode 8.0";
			developmentRegion = en;
			hasScannedForEncodings = 0;
			knownRegions = (
				en,
				Base,
			);
			mainGroup = B1A7B0BF2029060C00934BBF;
			productRefGroup = B1A7B0C92029060C00934BBF /* Products */;
			projectDirPath = "";
			projectRoot = "";
			targets = (
				B1A7B0C72029060C00934BBF /* RHPlaceholder */,
			);
		};
/* End PBXProject section */

/* Begin PBXResourcesBuildPhase section */
		B1A7B0C62029060C00934BBF /* Resources */ = {
			isa = PBXResourcesBuildPhase;
			buildActionMask = 2147483647;
			files = (
				B1A7B0D62029060C00934BBF /* LaunchScreen.storyboard in Resources */,
				B1A7B0D32029060C00934BBF /* Assets.xcassets in Resources */,
				B1A7B0D12029060C00934BBF /* Main.storyboard in Resources */,
			);
			runOnlyForDeploymentPostprocessing = 0;
		};
/* End PBXResourcesBuildPhase section */

/* Begin PBXSourcesBuildPhase section */
		B1A7B0C42029060C00934BBF /* Sources */ = {
			isa = PBXSourcesBuildPhase;
			buildActionMask = 2147483647;
			files = (
				B1ABC9502040845500AA388C /* RHLayerAnimating.swift in Sources */,
				B1ABC9572040857500AA388C /* RHLayerAnimatorGradient.swift in Sources */,
				B1ABC95A204085BA00AA388C /* RHLayerAnimatorBlinkConfigurable.swift in Sources */,
				B1A7B0CE2029060C00934BBF /* ViewController.swift in Sources */,
				B1ABC95D204085E700AA388C /* RHLayerAnimatorBlinkConfiguration.swift in Sources */,
				B1ABC94A2040838D00AA388C /* RHPlaceholder.swift in Sources */,
				B1ABC94E204083F200AA388C /* RHLayerAnimatorGradientConfigurable.swift in Sources */,
				B1ABC95F204085FB00AA388C /* RHLayerAnimatorBlink.swift in Sources */,
				B1CAC7B1204B462000FF4EFA /* MyTableViewController.swift in Sources */,
				B1ABC9552040855000AA388C /* RHCAAnimationDelegateReceiver.swift in Sources */,
				B1ABC94C204083C100AA388C /* RHPlaceholderItem.swift in Sources */,
				B1CAC7B3204B481000FF4EFA /* MyCell.swift in Sources */,
				B1ABC953204084A900AA388C /* RHLayerAnimatorGradientConfiguration.swift in Sources */,
				B1A7B0CC2029060C00934BBF /* AppDelegate.swift in Sources */,
			);
			runOnlyForDeploymentPostprocessing = 0;
		};
/* End PBXSourcesBuildPhase section */

/* Begin PBXVariantGroup section */
		B1A7B0CF2029060C00934BBF /* Main.storyboard */ = {
			isa = PBXVariantGroup;
			children = (
				B1A7B0D02029060C00934BBF /* Base */,
			);
			name = Main.storyboard;
			sourceTree = "<group>";
		};
		B1A7B0D42029060C00934BBF /* LaunchScreen.storyboard */ = {
			isa = PBXVariantGroup;
			children = (
				B1A7B0D52029060C00934BBF /* Base */,
			);
			name = LaunchScreen.storyboard;
			sourceTree = "<group>";
		};
/* End PBXVariantGroup section */

/* Begin XCBuildConfiguration section */
		B1A7B0D82029060C00934BBF /* Debug */ = {
			isa = XCBuildConfiguration;
			buildSettings = {
				ALWAYS_SEARCH_USER_PATHS = NO;
				CLANG_ANALYZER_NONNULL = YES;
				CLANG_ANALYZER_NUMBER_OBJECT_CONVERSION = YES_AGGRESSIVE;
				CLANG_CXX_LANGUAGE_STANDARD = "gnu++14";
				CLANG_CXX_LIBRARY = "libc++";
				CLANG_ENABLE_MODULES = YES;
				CLANG_ENABLE_OBJC_ARC = YES;
				CLANG_WARN_BLOCK_CAPTURE_AUTORELEASING = YES;
				CLANG_WARN_BOOL_CONVERSION = YES;
				CLANG_WARN_COMMA = YES;
				CLANG_WARN_CONSTANT_CONVERSION = YES;
				CLANG_WARN_DIRECT_OBJC_ISA_USAGE = YES_ERROR;
				CLANG_WARN_DOCUMENTATION_COMMENTS = YES;
				CLANG_WARN_EMPTY_BODY = YES;
				CLANG_WARN_ENUM_CONVERSION = YES;
				CLANG_WARN_INFINITE_RECURSION = YES;
				CLANG_WARN_INT_CONVERSION = YES;
				CLANG_WARN_NON_LITERAL_NULL_CONVERSION = YES;
				CLANG_WARN_OBJC_LITERAL_CONVERSION = YES;
				CLANG_WARN_OBJC_ROOT_CLASS = YES_ERROR;
				CLANG_WARN_RANGE_LOOP_ANALYSIS = YES;
				CLANG_WARN_STRICT_PROTOTYPES = YES;
				CLANG_WARN_SUSPICIOUS_MOVE = YES;
				CLANG_WARN_UNGUARDED_AVAILABILITY = YES_AGGRESSIVE;
				CLANG_WARN_UNREACHABLE_CODE = YES;
				CLANG_WARN__DUPLICATE_METHOD_MATCH = YES;
				CODE_SIGN_IDENTITY = "iPhone Developer";
				COPY_PHASE_STRIP = NO;
				DEBUG_INFORMATION_FORMAT = dwarf;
				ENABLE_STRICT_OBJC_MSGSEND = YES;
				ENABLE_TESTABILITY = YES;
				GCC_C_LANGUAGE_STANDARD = gnu11;
				GCC_DYNAMIC_NO_PIC = NO;
				GCC_NO_COMMON_BLOCKS = YES;
				GCC_OPTIMIZATION_LEVEL = 0;
				GCC_PREPROCESSOR_DEFINITIONS = (
					"DEBUG=1",
					"$(inherited)",
				);
				GCC_WARN_64_TO_32_BIT_CONVERSION = YES;
				GCC_WARN_ABOUT_RETURN_TYPE = YES_ERROR;
				GCC_WARN_UNDECLARED_SELECTOR = YES;
				GCC_WARN_UNINITIALIZED_AUTOS = YES_AGGRESSIVE;
				GCC_WARN_UNUSED_FUNCTION = YES;
				GCC_WARN_UNUSED_VARIABLE = YES;
				IPHONEOS_DEPLOYMENT_TARGET = 11.0;
				MTL_ENABLE_DEBUG_INFO = YES;
				ONLY_ACTIVE_ARCH = YES;
				SDKROOT = iphoneos;
				SWIFT_ACTIVE_COMPILATION_CONDITIONS = DEBUG;
				SWIFT_OPTIMIZATION_LEVEL = "-Onone";
			};
			name = Debug;
		};
		B1A7B0D92029060C00934BBF /* Release */ = {
			isa = XCBuildConfiguration;
			buildSettings = {
				ALWAYS_SEARCH_USER_PATHS = NO;
				CLANG_ANALYZER_NONNULL = YES;
				CLANG_ANALYZER_NUMBER_OBJECT_CONVERSION = YES_AGGRESSIVE;
				CLANG_CXX_LANGUAGE_STANDARD = "gnu++14";
				CLANG_CXX_LIBRARY = "libc++";
				CLANG_ENABLE_MODULES = YES;
				CLANG_ENABLE_OBJC_ARC = YES;
				CLANG_WARN_BLOCK_CAPTURE_AUTORELEASING = YES;
				CLANG_WARN_BOOL_CONVERSION = YES;
				CLANG_WARN_COMMA = YES;
				CLANG_WARN_CONSTANT_CONVERSION = YES;
				CLANG_WARN_DIRECT_OBJC_ISA_USAGE = YES_ERROR;
				CLANG_WARN_DOCUMENTATION_COMMENTS = YES;
				CLANG_WARN_EMPTY_BODY = YES;
				CLANG_WARN_ENUM_CONVERSION = YES;
				CLANG_WARN_INFINITE_RECURSION = YES;
				CLANG_WARN_INT_CONVERSION = YES;
				CLANG_WARN_NON_LITERAL_NULL_CONVERSION = YES;
				CLANG_WARN_OBJC_LITERAL_CONVERSION = YES;
				CLANG_WARN_OBJC_ROOT_CLASS = YES_ERROR;
				CLANG_WARN_RANGE_LOOP_ANALYSIS = YES;
				CLANG_WARN_STRICT_PROTOTYPES = YES;
				CLANG_WARN_SUSPICIOUS_MOVE = YES;
				CLANG_WARN_UNGUARDED_AVAILABILITY = YES_AGGRESSIVE;
				CLANG_WARN_UNREACHABLE_CODE = YES;
				CLANG_WARN__DUPLICATE_METHOD_MATCH = YES;
				CODE_SIGN_IDENTITY = "iPhone Developer";
				COPY_PHASE_STRIP = NO;
				DEBUG_INFORMATION_FORMAT = "dwarf-with-dsym";
				ENABLE_NS_ASSERTIONS = NO;
				ENABLE_STRICT_OBJC_MSGSEND = YES;
				GCC_C_LANGUAGE_STANDARD = gnu11;
				GCC_NO_COMMON_BLOCKS = YES;
				GCC_WARN_64_TO_32_BIT_CONVERSION = YES;
				GCC_WARN_ABOUT_RETURN_TYPE = YES_ERROR;
				GCC_WARN_UNDECLARED_SELECTOR = YES;
				GCC_WARN_UNINITIALIZED_AUTOS = YES_AGGRESSIVE;
				GCC_WARN_UNUSED_FUNCTION = YES;
				GCC_WARN_UNUSED_VARIABLE = YES;
				IPHONEOS_DEPLOYMENT_TARGET = 11.0;
				MTL_ENABLE_DEBUG_INFO = NO;
				SDKROOT = iphoneos;
				SWIFT_OPTIMIZATION_LEVEL = "-Owholemodule";
				VALIDATE_PRODUCT = YES;
			};
			name = Release;
		};
		B1A7B0DB2029060C00934BBF /* Debug */ = {
			isa = XCBuildConfiguration;
			buildSettings = {
				ASSETCATALOG_COMPILER_APPICON_NAME = AppIcon;
				CODE_SIGN_STYLE = Automatic;
				DEVELOPMENT_TEAM = "";
				INFOPLIST_FILE = RHPlaceholder/Info.plist;
				LD_RUNPATH_SEARCH_PATHS = "$(inherited) @executable_path/Frameworks";
				PRODUCT_BUNDLE_IDENTIFIER = x.RHPlaceholder;
				PRODUCT_NAME = "$(TARGET_NAME)";
				SWIFT_VERSION = 4.0;
				TARGETED_DEVICE_FAMILY = "1,2";
			};
			name = Debug;
		};
		B1A7B0DC2029060C00934BBF /* Release */ = {
			isa = XCBuildConfiguration;
			buildSettings = {
				ASSETCATALOG_COMPILER_APPICON_NAME = AppIcon;
				CODE_SIGN_STYLE = Automatic;
				DEVELOPMENT_TEAM = "";
				INFOPLIST_FILE = RHPlaceholder/Info.plist;
				LD_RUNPATH_SEARCH_PATHS = "$(inherited) @executable_path/Frameworks";
				PRODUCT_BUNDLE_IDENTIFIER = x.RHPlaceholder;
				PRODUCT_NAME = "$(TARGET_NAME)";
				SWIFT_VERSION = 4.0;
				TARGETED_DEVICE_FAMILY = "1,2";
			};
			name = Release;
		};
/* End XCBuildConfiguration section */

/* Begin XCConfigurationList section */
		B1A7B0C32029060C00934BBF /* Build configuration list for PBXProject "RHPlaceholder" */ = {
			isa = XCConfigurationList;
			buildConfigurations = (
				B1A7B0D82029060C00934BBF /* Debug */,
				B1A7B0D92029060C00934BBF /* Release */,
			);
			defaultConfigurationIsVisible = 0;
			defaultConfigurationName = Release;
		};
		B1A7B0DA2029060C00934BBF /* Build configuration list for PBXNativeTarget "RHPlaceholder" */ = {
			isa = XCConfigurationList;
			buildConfigurations = (
				B1A7B0DB2029060C00934BBF /* Debug */,
				B1A7B0DC2029060C00934BBF /* Release */,
			);
			defaultConfigurationIsVisible = 0;
			defaultConfigurationName = Release;
		};
/* End XCConfigurationList section */
	};
	rootObject = B1A7B0C02029060C00934BBF /* Project object */;
}
