PODS:
  - RHPlaceholder (0.0.1)

DEPENDENCIES:
  - RHPlaceholder (from `/Users/robertherdzik/Documents/Workspace/Git/RHPlaceholder/RHPlaceholder`)

EXTERNAL SOURCES:
  RHPlaceholder:
    :path: "/Users/robertherdzik/Documents/Workspace/Git/RHPlaceholder/RHPlaceholder"

SPEC CHECKSUMS:
  RHPlaceholder: 809646e3a2c472ce7757831c9b4340de5092ac10

PODFILE CHECKSUM: 41c9d99a98999328cf743839ad108a32d3a9019e

COCOAPODS: 1.5.0
